// !$*UTF8*$!
{
	archiveVersion = 1;
	classes = {
	};
	objectVersion = 50;
	objects = {

/* Begin PBXBuildFile section */
		2A20537126DD24DF00C66AA1 /* SandboxKit.framework in Frameworks */ = {isa = PBXBuildFile; fileRef = 2A20536726DD24DF00C66AA1 /* SandboxKit.framework */; };
		2A20537626DD24E000C66AA1 /* SandboxKitTests.swift in Sources */ = {isa = PBXBuildFile; fileRef = 2A20537526DD24E000C66AA1 /* SandboxKitTests.swift */; };
		2A20537826DD24E000C66AA1 /* SandboxKit.h in Headers */ = {isa = PBXBuildFile; fileRef = 2A20536A26DD24DF00C66AA1 /* SandboxKit.h */; settings = {ATTRIBUTES = (Public, ); }; };
		2A20538A26DEB6AF00C66AA1 /* SandboxSceneSelectTableViewController.swift in Sources */ = {isa = PBXBuildFile; fileRef = 2A20538926DEB6AF00C66AA1 /* SandboxSceneSelectTableViewController.swift */; };
		2A20538E26DED7FD00C66AA1 /* HTTPMethod.swift in Sources */ = {isa = PBXBuildFile; fileRef = 2A20538D26DED7FD00C66AA1 /* HTTPMethod.swift */; };
		2A20539026DED90000C66AA1 /* Scene.swift in Sources */ = {isa = PBXBuildFile; fileRef = 2A20538F26DED90000C66AA1 /* Scene.swift */; };
		2A20539226DED92900C66AA1 /* Mock.swift in Sources */ = {isa = PBXBuildFile; fileRef = 2A20539126DED92900C66AA1 /* Mock.swift */; };
		2A20539A26DEE19B00C66AA1 /* AppDelegate.swift in Sources */ = {isa = PBXBuildFile; fileRef = 2A20539926DEE19B00C66AA1 /* AppDelegate.swift */; };
		2A2053A326DEE19D00C66AA1 /* Assets.xcassets in Resources */ = {isa = PBXBuildFile; fileRef = 2A2053A226DEE19D00C66AA1 /* Assets.xcassets */; };
		2A2053A626DEE19D00C66AA1 /* LaunchScreen.storyboard in Resources */ = {isa = PBXBuildFile; fileRef = 2A2053A426DEE19D00C66AA1 /* LaunchScreen.storyboard */; };
		2A2053AF26DEE70E00C66AA1 /* PokemonListViewController.swift in Sources */ = {isa = PBXBuildFile; fileRef = 2A2053AE26DEE70E00C66AA1 /* PokemonListViewController.swift */; };
		2A2053B226DEE7B600C66AA1 /* Pokemon.swift in Sources */ = {isa = PBXBuildFile; fileRef = 2A2053B126DEE7B600C66AA1 /* Pokemon.swift */; };
		2A2053B426DEE7F000C66AA1 /* PokemonType.swift in Sources */ = {isa = PBXBuildFile; fileRef = 2A2053B326DEE7F000C66AA1 /* PokemonType.swift */; };
		2A2053BA26DEE9C200C66AA1 /* PokemonDetailViewController.swift in Sources */ = {isa = PBXBuildFile; fileRef = 2A2053B926DEE9C200C66AA1 /* PokemonDetailViewController.swift */; };
		2A2053BE26DEEB2600C66AA1 /* ServiceClient.swift in Sources */ = {isa = PBXBuildFile; fileRef = 2A2053BD26DEEB2600C66AA1 /* ServiceClient.swift */; };
		2A2053C026DEEB6200C66AA1 /* APIRequest.swift in Sources */ = {isa = PBXBuildFile; fileRef = 2A2053BF26DEEB6200C66AA1 /* APIRequest.swift */; };
		2A2053C226DEEBB400C66AA1 /* SandboxKit.framework in Frameworks */ = {isa = PBXBuildFile; fileRef = 2A20536726DD24DF00C66AA1 /* SandboxKit.framework */; };
		2A2053C426DEEBEB00C66AA1 /* ServiceClientProvider.swift in Sources */ = {isa = PBXBuildFile; fileRef = 2A2053C326DEEBEB00C66AA1 /* ServiceClientProvider.swift */; };
		2A2053C626DEEC2300C66AA1 /* MainServiceClient.swift in Sources */ = {isa = PBXBuildFile; fileRef = 2A2053C526DEEC2300C66AA1 /* MainServiceClient.swift */; };
		2A2053C826DEEC5B00C66AA1 /* StubbableServiceClient.swift in Sources */ = {isa = PBXBuildFile; fileRef = 2A2053C726DEEC5B00C66AA1 /* StubbableServiceClient.swift */; };
		2A2053CA26DEEC8B00C66AA1 /* MiniAppMainViewController.swift in Sources */ = {isa = PBXBuildFile; fileRef = 2A2053C926DEEC8B00C66AA1 /* MiniAppMainViewController.swift */; };
		2A2053CD26DEEDC100C66AA1 /* PokemonListRequest.swift in Sources */ = {isa = PBXBuildFile; fileRef = 2A2053CC26DEEDC100C66AA1 /* PokemonListRequest.swift */; };
		2A2053CF26DEEE6900C66AA1 /* PokemonRequest.swift in Sources */ = {isa = PBXBuildFile; fileRef = 2A2053CE26DEEE6900C66AA1 /* PokemonRequest.swift */; };
		2A2053D126DEF1FD00C66AA1 /* pokemon.json in Resources */ = {isa = PBXBuildFile; fileRef = 2A2053D026DEF1FD00C66AA1 /* pokemon.json */; };
/* End PBXBuildFile section */

/* Begin PBXContainerItemProxy section */
		2A20537226DD24DF00C66AA1 /* PBXContainerItemProxy */ = {
			isa = PBXContainerItemProxy;
			containerPortal = 2A20535E26DD24DF00C66AA1 /* Project object */;
			proxyType = 1;
			remoteGlobalIDString = 2A20536626DD24DF00C66AA1;
			remoteInfo = SandboxKit;
		};
/* End PBXContainerItemProxy section */

/* Begin PBXFileReference section */
		2A20536726DD24DF00C66AA1 /* SandboxKit.framework */ = {isa = PBXFileReference; explicitFileType = wrapper.framework; includeInIndex = 0; path = SandboxKit.framework; sourceTree = BUILT_PRODUCTS_DIR; };
		2A20536A26DD24DF00C66AA1 /* SandboxKit.h */ = {isa = PBXFileReference; lastKnownFileType = sourcecode.c.h; path = SandboxKit.h; sourceTree = "<group>"; };
		2A20536B26DD24DF00C66AA1 /* Info.plist */ = {isa = PBXFileReference; lastKnownFileType = text.plist.xml; path = Info.plist; sourceTree = "<group>"; };
		2A20537026DD24DF00C66AA1 /* SandboxKitTests.xctest */ = {isa = PBXFileReference; explicitFileType = wrapper.cfbundle; includeInIndex = 0; path = SandboxKitTests.xctest; sourceTree = BUILT_PRODUCTS_DIR; };
		2A20537526DD24E000C66AA1 /* SandboxKitTests.swift */ = {isa = PBXFileReference; lastKnownFileType = sourcecode.swift; path = SandboxKitTests.swift; sourceTree = "<group>"; };
		2A20537726DD24E000C66AA1 /* Info.plist */ = {isa = PBXFileReference; lastKnownFileType = text.plist.xml; path = Info.plist; sourceTree = "<group>"; };
		2A20538926DEB6AF00C66AA1 /* SandboxSceneSelectTableViewController.swift */ = {isa = PBXFileReference; lastKnownFileType = sourcecode.swift; path = SandboxSceneSelectTableViewController.swift; sourceTree = "<group>"; };
		2A20538D26DED7FD00C66AA1 /* HTTPMethod.swift */ = {isa = PBXFileReference; lastKnownFileType = sourcecode.swift; path = HTTPMethod.swift; sourceTree = "<group>"; };
		2A20538F26DED90000C66AA1 /* Scene.swift */ = {isa = PBXFileReference; lastKnownFileType = sourcecode.swift; path = Scene.swift; sourceTree = "<group>"; };
		2A20539126DED92900C66AA1 /* Mock.swift */ = {isa = PBXFileReference; lastKnownFileType = sourcecode.swift; path = Mock.swift; sourceTree = "<group>"; };
		2A20539726DEE19B00C66AA1 /* SandboxKitDemo.app */ = {isa = PBXFileReference; explicitFileType = wrapper.application; includeInIndex = 0; path = SandboxKitDemo.app; sourceTree = BUILT_PRODUCTS_DIR; };
		2A20539926DEE19B00C66AA1 /* AppDelegate.swift */ = {isa = PBXFileReference; lastKnownFileType = sourcecode.swift; path = AppDelegate.swift; sourceTree = "<group>"; };
		2A2053A226DEE19D00C66AA1 /* Assets.xcassets */ = {isa = PBXFileReference; lastKnownFileType = folder.assetcatalog; path = Assets.xcassets; sourceTree = "<group>"; };
		2A2053A526DEE19D00C66AA1 /* Base */ = {isa = PBXFileReference; lastKnownFileType = file.storyboard; name = Base; path = Base.lproj/LaunchScreen.storyboard; sourceTree = "<group>"; };
		2A2053A726DEE19D00C66AA1 /* Info.plist */ = {isa = PBXFileReference; lastKnownFileType = text.plist.xml; path = Info.plist; sourceTree = "<group>"; };
		2A2053AE26DEE70E00C66AA1 /* PokemonListViewController.swift */ = {isa = PBXFileReference; lastKnownFileType = sourcecode.swift; path = PokemonListViewController.swift; sourceTree = "<group>"; };
		2A2053B126DEE7B600C66AA1 /* Pokemon.swift */ = {isa = PBXFileReference; lastKnownFileType = sourcecode.swift; path = Pokemon.swift; sourceTree = "<group>"; };
		2A2053B326DEE7F000C66AA1 /* PokemonType.swift */ = {isa = PBXFileReference; lastKnownFileType = sourcecode.swift; path = PokemonType.swift; sourceTree = "<group>"; };
		2A2053B926DEE9C200C66AA1 /* PokemonDetailViewController.swift */ = {isa = PBXFileReference; lastKnownFileType = sourcecode.swift; path = PokemonDetailViewController.swift; sourceTree = "<group>"; };
		2A2053BD26DEEB2600C66AA1 /* ServiceClient.swift */ = {isa = PBXFileReference; lastKnownFileType = sourcecode.swift; path = ServiceClient.swift; sourceTree = "<group>"; };
		2A2053BF26DEEB6200C66AA1 /* APIRequest.swift */ = {isa = PBXFileReference; lastKnownFileType = sourcecode.swift; path = APIRequest.swift; sourceTree = "<group>"; };
		2A2053C326DEEBEB00C66AA1 /* ServiceClientProvider.swift */ = {isa = PBXFileReference; lastKnownFileType = sourcecode.swift; path = ServiceClientProvider.swift; sourceTree = "<group>"; };
		2A2053C526DEEC2300C66AA1 /* MainServiceClient.swift */ = {isa = PBXFileReference; lastKnownFileType = sourcecode.swift; path = MainServiceClient.swift; sourceTree = "<group>"; };
		2A2053C726DEEC5B00C66AA1 /* StubbableServiceClient.swift */ = {isa = PBXFileReference; lastKnownFileType = sourcecode.swift; path = StubbableServiceClient.swift; sourceTree = "<group>"; };
		2A2053C926DEEC8B00C66AA1 /* MiniAppMainViewController.swift */ = {isa = PBXFileReference; lastKnownFileType = sourcecode.swift; path = MiniAppMainViewController.swift; sourceTree = "<group>"; };
		2A2053CC26DEEDC100C66AA1 /* PokemonListRequest.swift */ = {isa = PBXFileReference; lastKnownFileType = sourcecode.swift; path = PokemonListRequest.swift; sourceTree = "<group>"; };
		2A2053CE26DEEE6900C66AA1 /* PokemonRequest.swift */ = {isa = PBXFileReference; lastKnownFileType = sourcecode.swift; path = PokemonRequest.swift; sourceTree = "<group>"; };
		2A2053D026DEF1FD00C66AA1 /* pokemon.json */ = {isa = PBXFileReference; lastKnownFileType = text.json; path = pokemon.json; sourceTree = "<group>"; };
/* End PBXFileReference section */

/* Begin PBXFrameworksBuildPhase section */
		2A20536426DD24DF00C66AA1 /* Frameworks */ = {
			isa = PBXFrameworksBuildPhase;
			buildActionMask = 2147483647;
			files = (
			);
			runOnlyForDeploymentPostprocessing = 0;
		};
		2A20536D26DD24DF00C66AA1 /* Frameworks */ = {
			isa = PBXFrameworksBuildPhase;
			buildActionMask = 2147483647;
			files = (
				2A20537126DD24DF00C66AA1 /* SandboxKit.framework in Frameworks */,
			);
			runOnlyForDeploymentPostprocessing = 0;
		};
		2A20539426DEE19B00C66AA1 /* Frameworks */ = {
			isa = PBXFrameworksBuildPhase;
			buildActionMask = 2147483647;
			files = (
				2A2053C226DEEBB400C66AA1 /* SandboxKit.framework in Frameworks */,
			);
			runOnlyForDeploymentPostprocessing = 0;
		};
/* End PBXFrameworksBuildPhase section */

/* Begin PBXGroup section */
		2A20535D26DD24DF00C66AA1 = {
			isa = PBXGroup;
			children = (
				2A20536926DD24DF00C66AA1 /* SandboxKit */,
				2A20537426DD24E000C66AA1 /* SandboxKitTests */,
				2A20539826DEE19B00C66AA1 /* SandboxKitDemo */,
				2A20536826DD24DF00C66AA1 /* Products */,
				2A2053C126DEEBB400C66AA1 /* Frameworks */,
			);
			sourceTree = "<group>";
		};
		2A20536826DD24DF00C66AA1 /* Products */ = {
			isa = PBXGroup;
			children = (
				2A20536726DD24DF00C66AA1 /* SandboxKit.framework */,
				2A20537026DD24DF00C66AA1 /* SandboxKitTests.xctest */,
				2A20539726DEE19B00C66AA1 /* SandboxKitDemo.app */,
			);
			name = Products;
			sourceTree = "<group>";
		};
		2A20536926DD24DF00C66AA1 /* SandboxKit */ = {
			isa = PBXGroup;
			children = (
				2A20536A26DD24DF00C66AA1 /* SandboxKit.h */,
				2A20536B26DD24DF00C66AA1 /* Info.plist */,
				2A20538926DEB6AF00C66AA1 /* SandboxSceneSelectTableViewController.swift */,
				2A20538D26DED7FD00C66AA1 /* HTTPMethod.swift */,
				2A20538F26DED90000C66AA1 /* Scene.swift */,
				2A20539126DED92900C66AA1 /* Mock.swift */,
			);
			path = SandboxKit;
			sourceTree = "<group>";
		};
		2A20537426DD24E000C66AA1 /* SandboxKitTests */ = {
			isa = PBXGroup;
			children = (
				2A20537526DD24E000C66AA1 /* SandboxKitTests.swift */,
				2A20537726DD24E000C66AA1 /* Info.plist */,
			);
			path = SandboxKitTests;
			sourceTree = "<group>";
		};
		2A20539826DEE19B00C66AA1 /* SandboxKitDemo */ = {
			isa = PBXGroup;
			children = (
				2A2053BB26DEEAE000C66AA1 /* MiniApp */,
				2A2053AB26DEE53E00C66AA1 /* Main */,
				2A20539926DEE19B00C66AA1 /* AppDelegate.swift */,
				2A2053A226DEE19D00C66AA1 /* Assets.xcassets */,
				2A2053A426DEE19D00C66AA1 /* LaunchScreen.storyboard */,
				2A2053A726DEE19D00C66AA1 /* Info.plist */,
			);
			path = SandboxKitDemo;
			sourceTree = "<group>";
		};
		2A2053AB26DEE53E00C66AA1 /* Main */ = {
			isa = PBXGroup;
			children = (
				2A2053BC26DEEAF900C66AA1 /* API */,
				2A2053B026DEE78A00C66AA1 /* Model */,
				2A2053AE26DEE70E00C66AA1 /* PokemonListViewController.swift */,
				2A2053B926DEE9C200C66AA1 /* PokemonDetailViewController.swift */,
			);
			path = Main;
			sourceTree = "<group>";
		};
		2A2053B026DEE78A00C66AA1 /* Model */ = {
			isa = PBXGroup;
			children = (
				2A2053B126DEE7B600C66AA1 /* Pokemon.swift */,
				2A2053B326DEE7F000C66AA1 /* PokemonType.swift */,
			);
			path = Model;
			sourceTree = "<group>";
		};
		2A2053BB26DEEAE000C66AA1 /* MiniApp */ = {
			isa = PBXGroup;
			children = (
				2A2053C726DEEC5B00C66AA1 /* StubbableServiceClient.swift */,
				2A2053C926DEEC8B00C66AA1 /* MiniAppMainViewController.swift */,
				2A2053D026DEF1FD00C66AA1 /* pokemon.json */,
			);
			path = MiniApp;
			sourceTree = "<group>";
		};
		2A2053BC26DEEAF900C66AA1 /* API */ = {
			isa = PBXGroup;
			children = (
				2A2053CB26DEEDAF00C66AA1 /* Request */,
				2A2053BD26DEEB2600C66AA1 /* ServiceClient.swift */,
				2A2053BF26DEEB6200C66AA1 /* APIRequest.swift */,
				2A2053C326DEEBEB00C66AA1 /* ServiceClientProvider.swift */,
				2A2053C526DEEC2300C66AA1 /* MainServiceClient.swift */,
			);
			path = API;
			sourceTree = "<group>";
		};
		2A2053C126DEEBB400C66AA1 /* Frameworks */ = {
			isa = PBXGroup;
			children = (
			);
			name = Frameworks;
			sourceTree = "<group>";
		};
		2A2053CB26DEEDAF00C66AA1 /* Request */ = {
			isa = PBXGroup;
			children = (
				2A2053CC26DEEDC100C66AA1 /* PokemonListRequest.swift */,
				2A2053CE26DEEE6900C66AA1 /* PokemonRequest.swift */,
			);
			path = Request;
			sourceTree = "<group>";
		};
/* End PBXGroup section */

/* Begin PBXHeadersBuildPhase section */
		2A20536226DD24DF00C66AA1 /* Headers */ = {
			isa = PBXHeadersBuildPhase;
			buildActionMask = 2147483647;
			files = (
				2A20537826DD24E000C66AA1 /* SandboxKit.h in Headers */,
			);
			runOnlyForDeploymentPostprocessing = 0;
		};
/* End PBXHeadersBuildPhase section */

/* Begin PBXNativeTarget section */
		2A20536626DD24DF00C66AA1 /* SandboxKit */ = {
			isa = PBXNativeTarget;
			buildConfigurationList = 2A20537B26DD24E000C66AA1 /* Build configuration list for PBXNativeTarget "SandboxKit" */;
			buildPhases = (
				2A20536226DD24DF00C66AA1 /* Headers */,
				2A20536326DD24DF00C66AA1 /* Sources */,
				2A20536426DD24DF00C66AA1 /* Frameworks */,
				2A20536526DD24DF00C66AA1 /* Resources */,
			);
			buildRules = (
			);
			dependencies = (
			);
			name = SandboxKit;
			productName = SandboxKit;
			productReference = 2A20536726DD24DF00C66AA1 /* SandboxKit.framework */;
			productType = "com.apple.product-type.framework";
		};
		2A20536F26DD24DF00C66AA1 /* SandboxKitTests */ = {
			isa = PBXNativeTarget;
			buildConfigurationList = 2A20537E26DD24E000C66AA1 /* Build configuration list for PBXNativeTarget "SandboxKitTests" */;
			buildPhases = (
				2A20536C26DD24DF00C66AA1 /* Sources */,
				2A20536D26DD24DF00C66AA1 /* Frameworks */,
				2A20536E26DD24DF00C66AA1 /* Resources */,
			);
			buildRules = (
			);
			dependencies = (
				2A20537326DD24DF00C66AA1 /* PBXTargetDependency */,
			);
			name = SandboxKitTests;
			productName = SandboxKitTests;
			productReference = 2A20537026DD24DF00C66AA1 /* SandboxKitTests.xctest */;
			productType = "com.apple.product-type.bundle.unit-test";
		};
		2A20539626DEE19B00C66AA1 /* SandboxKitDemo */ = {
			isa = PBXNativeTarget;
			buildConfigurationList = 2A2053A826DEE19D00C66AA1 /* Build configuration list for PBXNativeTarget "SandboxKitDemo" */;
			buildPhases = (
				2A20539326DEE19B00C66AA1 /* Sources */,
				2A20539426DEE19B00C66AA1 /* Frameworks */,
				2A20539526DEE19B00C66AA1 /* Resources */,
			);
			buildRules = (
			);
			dependencies = (
			);
			name = SandboxKitDemo;
			productName = SandboxKitDemo;
			productReference = 2A20539726DEE19B00C66AA1 /* SandboxKitDemo.app */;
			productType = "com.apple.product-type.application";
		};
/* End PBXNativeTarget section */

/* Begin PBXProject section */
		2A20535E26DD24DF00C66AA1 /* Project object */ = {
			isa = PBXProject;
			attributes = {
				LastSwiftUpdateCheck = 1250;
				LastUpgradeCheck = 1250;
				TargetAttributes = {
					2A20536626DD24DF00C66AA1 = {
						CreatedOnToolsVersion = 12.5;
						LastSwiftMigration = 1250;
					};
					2A20536F26DD24DF00C66AA1 = {
						CreatedOnToolsVersion = 12.5;
					};
					2A20539626DEE19B00C66AA1 = {
						CreatedOnToolsVersion = 12.5;
					};
				};
			};
			buildConfigurationList = 2A20536126DD24DF00C66AA1 /* Build configuration list for PBXProject "SandboxKit" */;
			compatibilityVersion = "Xcode 9.3";
			developmentRegion = en;
			hasScannedForEncodings = 0;
			knownRegions = (
				en,
				Base,
			);
			mainGroup = 2A20535D26DD24DF00C66AA1;
			productRefGroup = 2A20536826DD24DF00C66AA1 /* Products */;
			projectDirPath = "";
			projectRoot = "";
			targets = (
				2A20536626DD24DF00C66AA1 /* SandboxKit */,
				2A20536F26DD24DF00C66AA1 /* SandboxKitTests */,
				2A20539626DEE19B00C66AA1 /* SandboxKitDemo */,
			);
		};
/* End PBXProject section */

/* Begin PBXResourcesBuildPhase section */
		2A20536526DD24DF00C66AA1 /* Resources */ = {
			isa = PBXResourcesBuildPhase;
			buildActionMask = 2147483647;
			files = (
			);
			runOnlyForDeploymentPostprocessing = 0;
		};
		2A20536E26DD24DF00C66AA1 /* Resources */ = {
			isa = PBXResourcesBuildPhase;
			buildActionMask = 2147483647;
			files = (
			);
			runOnlyForDeploymentPostprocessing = 0;
		};
		2A20539526DEE19B00C66AA1 /* Resources */ = {
			isa = PBXResourcesBuildPhase;
			buildActionMask = 2147483647;
			files = (
				2A2053A626DEE19D00C66AA1 /* LaunchScreen.storyboard in Resources */,
				2A2053D126DEF1FD00C66AA1 /* pokemon.json in Resources */,
				2A2053A326DEE19D00C66AA1 /* Assets.xcassets in Resources */,
			);
			runOnlyForDeploymentPostprocessing = 0;
		};
/* End PBXResourcesBuildPhase section */

/* Begin PBXSourcesBuildPhase section */
		2A20536326DD24DF00C66AA1 /* Sources */ = {
			isa = PBXSourcesBuildPhase;
			buildActionMask = 2147483647;
			files = (
				2A20538E26DED7FD00C66AA1 /* HTTPMethod.swift in Sources */,
				2A20538A26DEB6AF00C66AA1 /* SandboxSceneSelectTableViewController.swift in Sources */,
				2A20539026DED90000C66AA1 /* Scene.swift in Sources */,
				2A20539226DED92900C66AA1 /* Mock.swift in Sources */,
			);
			runOnlyForDeploymentPostprocessing = 0;
		};
		2A20536C26DD24DF00C66AA1 /* Sources */ = {
			isa = PBXSourcesBuildPhase;
			buildActionMask = 2147483647;
			files = (
				2A20537626DD24E000C66AA1 /* SandboxKitTests.swift in Sources */,
			);
			runOnlyForDeploymentPostprocessing = 0;
		};
		2A20539326DEE19B00C66AA1 /* Sources */ = {
			isa = PBXSourcesBuildPhase;
			buildActionMask = 2147483647;
			files = (
				2A2053AF26DEE70E00C66AA1 /* PokemonListViewController.swift in Sources */,
				2A2053C426DEEBEB00C66AA1 /* ServiceClientProvider.swift in Sources */,
				2A2053C026DEEB6200C66AA1 /* APIRequest.swift in Sources */,
				2A2053CA26DEEC8B00C66AA1 /* MiniAppMainViewController.swift in Sources */,
				2A2053CF26DEEE6900C66AA1 /* PokemonRequest.swift in Sources */,
				2A20539A26DEE19B00C66AA1 /* AppDelegate.swift in Sources */,
				2A2053CD26DEEDC100C66AA1 /* PokemonListRequest.swift in Sources */,
				2A2053BA26DEE9C200C66AA1 /* PokemonDetailViewController.swift in Sources */,
				2A2053B226DEE7B600C66AA1 /* Pokemon.swift in Sources */,
				2A2053BE26DEEB2600C66AA1 /* ServiceClient.swift in Sources */,
				2A2053C626DEEC2300C66AA1 /* MainServiceClient.swift in Sources */,
				2A2053B426DEE7F000C66AA1 /* PokemonType.swift in Sources */,
				2A2053C826DEEC5B00C66AA1 /* StubbableServiceClient.swift in Sources */,
			);
			runOnlyForDeploymentPostprocessing = 0;
		};
/* End PBXSourcesBuildPhase section */

/* Begin PBXTargetDependency section */
		2A20537326DD24DF00C66AA1 /* PBXTargetDependency */ = {
			isa = PBXTargetDependency;
			target = 2A20536626DD24DF00C66AA1 /* SandboxKit */;
			targetProxy = 2A20537226DD24DF00C66AA1 /* PBXContainerItemProxy */;
		};
/* End PBXTargetDependency section */

/* Begin PBXVariantGroup section */
		2A2053A426DEE19D00C66AA1 /* LaunchScreen.storyboard */ = {
			isa = PBXVariantGroup;
			children = (
				2A2053A526DEE19D00C66AA1 /* Base */,
			);
			name = LaunchScreen.storyboard;
			sourceTree = "<group>";
		};
/* End PBXVariantGroup section */

/* Begin XCBuildConfiguration section */
		2A20537926DD24E000C66AA1 /* Debug */ = {
			isa = XCBuildConfiguration;
			buildSettings = {
				ALWAYS_SEARCH_USER_PATHS = NO;
				CLANG_ANALYZER_NONNULL = YES;
				CLANG_ANALYZER_NUMBER_OBJECT_CONVERSION = YES_AGGRESSIVE;
				CLANG_CXX_LANGUAGE_STANDARD = "gnu++14";
				CLANG_CXX_LIBRARY = "libc++";
				CLANG_ENABLE_MODULES = YES;
				CLANG_ENABLE_OBJC_ARC = YES;
				CLANG_ENABLE_OBJC_WEAK = YES;
				CLANG_WARN_BLOCK_CAPTURE_AUTORELEASING = YES;
				CLANG_WARN_BOOL_CONVERSION = YES;
				CLANG_WARN_COMMA = YES;
				CLANG_WARN_CONSTANT_CONVERSION = YES;
				CLANG_WARN_DEPRECATED_OBJC_IMPLEMENTATIONS = YES;
				CLANG_WARN_DIRECT_OBJC_ISA_USAGE = YES_ERROR;
				CLANG_WARN_DOCUMENTATION_COMMENTS = YES;
				CLANG_WARN_EMPTY_BODY = YES;
				CLANG_WARN_ENUM_CONVERSION = YES;
				CLANG_WARN_INFINITE_RECURSION = YES;
				CLANG_WARN_INT_CONVERSION = YES;
				CLANG_WARN_NON_LITERAL_NULL_CONVERSION = YES;
				CLANG_WARN_OBJC_IMPLICIT_RETAIN_SELF = YES;
				CLANG_WARN_OBJC_LITERAL_CONVERSION = YES;
				CLANG_WARN_OBJC_ROOT_CLASS = YES_ERROR;
				CLANG_WARN_QUOTED_INCLUDE_IN_FRAMEWORK_HEADER = YES;
				CLANG_WARN_RANGE_LOOP_ANALYSIS = YES;
				CLANG_WARN_STRICT_PROTOTYPES = YES;
				CLANG_WARN_SUSPICIOUS_MOVE = YES;
				CLANG_WARN_UNGUARDED_AVAILABILITY = YES_AGGRESSIVE;
				CLANG_WARN_UNREACHABLE_CODE = YES;
				CLANG_WARN__DUPLICATE_METHOD_MATCH = YES;
				COPY_PHASE_STRIP = NO;
				CURRENT_PROJECT_VERSION = 1;
				DEBUG_INFORMATION_FORMAT = dwarf;
				ENABLE_STRICT_OBJC_MSGSEND = YES;
				ENABLE_TESTABILITY = YES;
				GCC_C_LANGUAGE_STANDARD = gnu11;
				GCC_DYNAMIC_NO_PIC = NO;
				GCC_NO_COMMON_BLOCKS = YES;
				GCC_OPTIMIZATION_LEVEL = 0;
				GCC_PREPROCESSOR_DEFINITIONS = (
					"DEBUG=1",
					"$(inherited)",
				);
				GCC_WARN_64_TO_32_BIT_CONVERSION = YES;
				GCC_WARN_ABOUT_RETURN_TYPE = YES_ERROR;
				GCC_WARN_UNDECLARED_SELECTOR = YES;
				GCC_WARN_UNINITIALIZED_AUTOS = YES_AGGRESSIVE;
				GCC_WARN_UNUSED_FUNCTION = YES;
				GCC_WARN_UNUSED_VARIABLE = YES;
				IPHONEOS_DEPLOYMENT_TARGET = 14.5;
				MTL_ENABLE_DEBUG_INFO = INCLUDE_SOURCE;
				MTL_FAST_MATH = YES;
				ONLY_ACTIVE_ARCH = YES;
				SDKROOT = iphoneos;
				SWIFT_ACTIVE_COMPILATION_CONDITIONS = DEBUG;
				SWIFT_OPTIMIZATION_LEVEL = "-Onone";
				VERSIONING_SYSTEM = "apple-generic";
				VERSION_INFO_PREFIX = "";
			};
			name = Debug;
		};
		2A20537A26DD24E000C66AA1 /* Release */ = {
			isa = XCBuildConfiguration;
			buildSettings = {
				ALWAYS_SEARCH_USER_PATHS = NO;
				CLANG_ANALYZER_NONNULL = YES;
				CLANG_ANALYZER_NUMBER_OBJECT_CONVERSION = YES_AGGRESSIVE;
				CLANG_CXX_LANGUAGE_STANDARD = "gnu++14";
				CLANG_CXX_LIBRARY = "libc++";
				CLANG_ENABLE_MODULES = YES;
				CLANG_ENABLE_OBJC_ARC = YES;
				CLANG_ENABLE_OBJC_WEAK = YES;
				CLANG_WARN_BLOCK_CAPTURE_AUTORELEASING = YES;
				CLANG_WARN_BOOL_CONVERSION = YES;
				CLANG_WARN_COMMA = YES;
				CLANG_WARN_CONSTANT_CONVERSION = YES;
				CLANG_WARN_DEPRECATED_OBJC_IMPLEMENTATIONS = YES;
				CLANG_WARN_DIRECT_OBJC_ISA_USAGE = YES_ERROR;
				CLANG_WARN_DOCUMENTATION_COMMENTS = YES;
				CLANG_WARN_EMPTY_BODY = YES;
				CLANG_WARN_ENUM_CONVERSION = YES;
				CLANG_WARN_INFINITE_RECURSION = YES;
				CLANG_WARN_INT_CONVERSION = YES;
				CLANG_WARN_NON_LITERAL_NULL_CONVERSION = YES;
				CLANG_WARN_OBJC_IMPLICIT_RETAIN_SELF = YES;
				CLANG_WARN_OBJC_LITERAL_CONVERSION = YES;
				CLANG_WARN_OBJC_ROOT_CLASS = YES_ERROR;
				CLANG_WARN_QUOTED_INCLUDE_IN_FRAMEWORK_HEADER = YES;
				CLANG_WARN_RANGE_LOOP_ANALYSIS = YES;
				CLANG_WARN_STRICT_PROTOTYPES = YES;
				CLANG_WARN_SUSPICIOUS_MOVE = YES;
				CLANG_WARN_UNGUARDED_AVAILABILITY = YES_AGGRESSIVE;
				CLANG_WARN_UNREACHABLE_CODE = YES;
				CLANG_WARN__DUPLICATE_METHOD_MATCH = YES;
				COPY_PHASE_STRIP = NO;
				CURRENT_PROJECT_VERSION = 1;
				DEBUG_INFORMATION_FORMAT = "dwarf-with-dsym";
				ENABLE_NS_ASSERTIONS = NO;
				ENABLE_STRICT_OBJC_MSGSEND = YES;
				GCC_C_LANGUAGE_STANDARD = gnu11;
				GCC_NO_COMMON_BLOCKS = YES;
				GCC_WARN_64_TO_32_BIT_CONVERSION = YES;
				GCC_WARN_ABOUT_RETURN_TYPE = YES_ERROR;
				GCC_WARN_UNDECLARED_SELECTOR = YES;
				GCC_WARN_UNINITIALIZED_AUTOS = YES_AGGRESSIVE;
				GCC_WARN_UNUSED_FUNCTION = YES;
				GCC_WARN_UNUSED_VARIABLE = YES;
				IPHONEOS_DEPLOYMENT_TARGET = 14.5;
				MTL_ENABLE_DEBUG_INFO = NO;
				MTL_FAST_MATH = YES;
				SDKROOT = iphoneos;
				SWIFT_COMPILATION_MODE = wholemodule;
				SWIFT_OPTIMIZATION_LEVEL = "-O";
				VALIDATE_PRODUCT = YES;
				VERSIONING_SYSTEM = "apple-generic";
				VERSION_INFO_PREFIX = "";
			};
			name = Release;
		};
		2A20537C26DD24E000C66AA1 /* Debug */ = {
			isa = XCBuildConfiguration;
			buildSettings = {
				CLANG_ENABLE_MODULES = YES;
				CODE_SIGN_STYLE = Automatic;
				DEFINES_MODULE = YES;
				DEVELOPMENT_TEAM = 7Q6B2W96J9;
				DYLIB_COMPATIBILITY_VERSION = 1;
				DYLIB_CURRENT_VERSION = 1;
				DYLIB_INSTALL_NAME_BASE = "@rpath";
				INFOPLIST_FILE = SandboxKit/Info.plist;
				INSTALL_PATH = "$(LOCAL_LIBRARY_DIR)/Frameworks";
				LD_RUNPATH_SEARCH_PATHS = (
					"$(inherited)",
					"@executable_path/Frameworks",
					"@loader_path/Frameworks",
				);
				PRODUCT_BUNDLE_IDENTIFIER = "com.aoi-okawa.SandboxKit";
				PRODUCT_NAME = "$(TARGET_NAME:c99extidentifier)";
				SKIP_INSTALL = YES;
				SWIFT_OPTIMIZATION_LEVEL = "-Onone";
				SWIFT_VERSION = 5.0;
				TARGETED_DEVICE_FAMILY = "1,2";
			};
			name = Debug;
		};
		2A20537D26DD24E000C66AA1 /* Release */ = {
			isa = XCBuildConfiguration;
			buildSettings = {
				CLANG_ENABLE_MODULES = YES;
				CODE_SIGN_STYLE = Automatic;
				DEFINES_MODULE = YES;
				DEVELOPMENT_TEAM = 7Q6B2W96J9;
				DYLIB_COMPATIBILITY_VERSION = 1;
				DYLIB_CURRENT_VERSION = 1;
				DYLIB_INSTALL_NAME_BASE = "@rpath";
				INFOPLIST_FILE = SandboxKit/Info.plist;
				INSTALL_PATH = "$(LOCAL_LIBRARY_DIR)/Frameworks";
				LD_RUNPATH_SEARCH_PATHS = (
					"$(inherited)",
					"@executable_path/Frameworks",
					"@loader_path/Frameworks",
				);
				PRODUCT_BUNDLE_IDENTIFIER = "com.aoi-okawa.SandboxKit";
				PRODUCT_NAME = "$(TARGET_NAME:c99extidentifier)";
				SKIP_INSTALL = YES;
				SWIFT_VERSION = 5.0;
				TARGETED_DEVICE_FAMILY = "1,2";
			};
			name = Release;
		};
		2A20537F26DD24E000C66AA1 /* Debug */ = {
			isa = XCBuildConfiguration;
			buildSettings = {
				ALWAYS_EMBED_SWIFT_STANDARD_LIBRARIES = YES;
				CODE_SIGN_STYLE = Automatic;
				DEVELOPMENT_TEAM = 7Q6B2W96J9;
				INFOPLIST_FILE = SandboxKitTests/Info.plist;
				LD_RUNPATH_SEARCH_PATHS = (
					"$(inherited)",
					"@executable_path/Frameworks",
					"@loader_path/Frameworks",
				);
				PRODUCT_BUNDLE_IDENTIFIER = "com.aoi-okawa.SandboxKitTests";
				PRODUCT_NAME = "$(TARGET_NAME)";
				SWIFT_VERSION = 5.0;
				TARGETED_DEVICE_FAMILY = "1,2";
			};
			name = Debug;
		};
		2A20538026DD24E000C66AA1 /* Release */ = {
			isa = XCBuildConfiguration;
			buildSettings = {
				ALWAYS_EMBED_SWIFT_STANDARD_LIBRARIES = YES;
				CODE_SIGN_STYLE = Automatic;
				DEVELOPMENT_TEAM = 7Q6B2W96J9;
				INFOPLIST_FILE = SandboxKitTests/Info.plist;
				LD_RUNPATH_SEARCH_PATHS = (
					"$(inherited)",
					"@executable_path/Frameworks",
					"@loader_path/Frameworks",
				);
				PRODUCT_BUNDLE_IDENTIFIER = "com.aoi-okawa.SandboxKitTests";
				PRODUCT_NAME = "$(TARGET_NAME)";
				SWIFT_VERSION = 5.0;
				TARGETED_DEVICE_FAMILY = "1,2";
			};
			name = Release;
		};
		2A2053A926DEE19D00C66AA1 /* Debug */ = {
			isa = XCBuildConfiguration;
			buildSettings = {
				ASSETCATALOG_COMPILER_APPICON_NAME = AppIcon;
				ASSETCATALOG_COMPILER_GLOBAL_ACCENT_COLOR_NAME = AccentColor;
				CODE_SIGN_STYLE = Automatic;
				DEVELOPMENT_TEAM = 7Q6B2W96J9;
				INFOPLIST_FILE = SandboxKitDemo/Info.plist;
				LD_RUNPATH_SEARCH_PATHS = (
					"$(inherited)",
					"@executable_path/Frameworks",
				);
				PRODUCT_BUNDLE_IDENTIFIER = "com.aoi-okawa.SandboxKitDemo";
				PRODUCT_NAME = "$(TARGET_NAME)";
				SWIFT_VERSION = 5.0;
				TARGETED_DEVICE_FAMILY = "1,2";
			};
			name = Debug;
		};
		2A2053AA26DEE19D00C66AA1 /* Release */ = {
			isa = XCBuildConfiguration;
			buildSettings = {
				ASSETCATALOG_COMPILER_APPICON_NAME = AppIcon;
				ASSETCATALOG_COMPILER_GLOBAL_ACCENT_COLOR_NAME = AccentColor;
				CODE_SIGN_STYLE = Automatic;
				DEVELOPMENT_TEAM = 7Q6B2W96J9;
				INFOPLIST_FILE = SandboxKitDemo/Info.plist;
				LD_RUNPATH_SEARCH_PATHS = (
					"$(inherited)",
					"@executable_path/Frameworks",
				);
				PRODUCT_BUNDLE_IDENTIFIER = "com.aoi-okawa.SandboxKitDemo";
				PRODUCT_NAME = "$(TARGET_NAME)";
				SWIFT_VERSION = 5.0;
				TARGETED_DEVICE_FAMILY = "1,2";
			};
			name = Release;
		};
/* End XCBuildConfiguration section */

/* Begin XCConfigurationList section */
		2A20536126DD24DF00C66AA1 /* Build configuration list for PBXProject "SandboxKit" */ = {
			isa = XCConfigurationList;
			buildConfigurations = (
				2A20537926DD24E000C66AA1 /* Debug */,
				2A20537A26DD24E000C66AA1 /* Release */,
			);
			defaultConfigurationIsVisible = 0;
			defaultConfigurationName = Release;
		};
		2A20537B26DD24E000C66AA1 /* Build configuration list for PBXNativeTarget "SandboxKit" */ = {
			isa = XCConfigurationList;
			buildConfigurations = (
				2A20537C26DD24E000C66AA1 /* Debug */,
				2A20537D26DD24E000C66AA1 /* Release */,
			);
			defaultConfigurationIsVisible = 0;
			defaultConfigurationName = Release;
		};
		2A20537E26DD24E000C66AA1 /* Build configuration list for PBXNativeTarget "SandboxKitTests" */ = {
			isa = XCConfigurationList;
			buildConfigurations = (
				2A20537F26DD24E000C66AA1 /* Debug */,
				2A20538026DD24E000C66AA1 /* Release */,
			);
			defaultConfigurationIsVisible = 0;
			defaultConfigurationName = Release;
		};
		2A2053A826DEE19D00C66AA1 /* Build configuration list for PBXNativeTarget "SandboxKitDemo" */ = {
			isa = XCConfigurationList;
			buildConfigurations = (
				2A2053A926DEE19D00C66AA1 /* Debug */,
				2A2053AA26DEE19D00C66AA1 /* Release */,
			);
			defaultConfigurationIsVisible = 0;
			defaultConfigurationName = Release;
		};
/* End XCConfigurationList section */
	};
	rootObject = 2A20535E26DD24DF00C66AA1 /* Project object */;
}
